PODS:
  - Aspects (1.4.1)
  - TencentOpenAPIV2_3 (3.1.0)
  - WeChatSDK (1.7.3)
  - Weibo (2.4.2)
  - XYShareSdk (0.1.1):
    - Aspects (~> 1.4.1)
    - TencentOpenAPIV2_3 (~> 3.1.0)
    - WeChatSDK (~> 1.7.3)
    - Weibo (~> 2.4.2)

DEPENDENCIES:
  - XYShareSdk (from `../`)

EXTERNAL SOURCES:
  XYShareSdk:
    :path: "../"

SPEC CHECKSUMS:
  Aspects: 7595ba96a6727a58ebcbfc954497fc5d2fdde546
  TencentOpenAPIV2_3: 39d78d050d2f91a06718ed648a75b3dae27bfa72
  WeChatSDK: 38c10234c1ace00ba131045134d3281079848d02
  Weibo: ed569ffed6eb043a159ac3b01dc5122b4e1fd77a
  XYShareSdk: f77a79f46cba69915609c4ab55d5d929b66f3df5

PODFILE CHECKSUM: 8678ff92eafc7f5e9ce5a55834962ee9de9d43c3

COCOAPODS: 1.0.1
