PODS:
  - Aspects (1.4.1)
  - TencentOpenAPI (3.1.0)
  - WeChatSDK (1.7.3)
  - Weibo (2.4.2)
  - XYShareSdk (0.1.1):
    - Aspects (~> 1.4.1)
    - TencentOpenAPI (~> 3.1.0)
    - WeChatSDK (~> 1.7.3)
    - Weibo (~> 2.4.2)

DEPENDENCIES:
  - XYShareSdk (from `../`)

EXTERNAL SOURCES:
  XYShareSdk:
    :path: "../"

SPEC CHECKSUMS:
  Aspects: 7595ba96a6727a58ebcbfc954497fc5d2fdde546
  TencentOpenAPI: 9f916058b87c85e89707a43711d2232e36be27aa
  WeChatSDK: 38c10234c1ace00ba131045134d3281079848d02
  Weibo: ed569ffed6eb043a159ac3b01dc5122b4e1fd77a
  XYShareSdk: 556e1b2dfc924720e16de9474d2ea8b6999813c8

PODFILE CHECKSUM: eb6bf09602da9265255bc8fee33976fd0aa0415e

COCOAPODS: 1.0.1
